
Microsoft Visual Studio Solution File, Format Version 12.00
Project("{2150E333-8FDC-42A3-9474-1A3956D46DE8}") = "Backend", "Backend", "{E6B471EF-2370-414D-B1B5-4D194F237106}"
EndProject
Project("{FAE04EC0-301F-11D3-BF4B-00C04F79EFBC}") = "TasksTrackerDemo.TasksManager.Backend.Api", "TasksTrackerDemo.TasksManager.Backend.Api\TasksTrackerDemo.TasksManager.Backend.Api.csproj", "{45006F0E-B840-46AE-830F-1F2301C1ABEA}"
EndProject
Global
	GlobalSection(SolutionConfigurationPlatforms) = preSolution
		Debug|Any CPU = Debug|Any CPU
		Release|Any CPU = Release|Any CPU
	EndGlobalSection
	GlobalSection(NestedProjects) = preSolution
		{45006F0E-B840-46AE-830F-1F2301C1ABEA} = {E6B471EF-2370-414D-B1B5-4D194F237106}
	EndGlobalSection
	GlobalSection(ProjectConfigurationPlatforms) = postSolution
		{45006F0E-B840-46AE-830F-1F2301C1ABEA}.Debug|Any CPU.ActiveCfg = Debug|Any CPU
		{45006F0E-B840-46AE-830F-1F2301C1ABEA}.Debug|Any CPU.Build.0 = Debug|Any CPU
		{45006F0E-B840-46AE-830F-1F2301C1ABEA}.Release|Any CPU.ActiveCfg = Release|Any CPU
		{45006F0E-B840-46AE-830F-1F2301C1ABEA}.Release|Any CPU.Build.0 = Release|Any CPU
	EndGlobalSection
EndGlobal
